// !$*UTF8*$!
{
	archiveVersion = 1;
	classes = {
	};
	objectVersion = 56;
	objects = {

/* Begin PBXBuildFile section */
		56E9753E2BC15D9900AA1B50 /* main.cpp in Sources */ = {isa = PBXBuildFile; fileRef = 56E9753D2BC15D9900AA1B50 /* main.cpp */; };
		56E975B72BC1609F00AA1B50 /* Connection.cpp in Sources */ = {isa = PBXBuildFile; fileRef = 56E975922BC1609F00AA1B50 /* Connection.cpp */; };
		56E975B82BC1609F00AA1B50 /* FrameTimer.cpp in Sources */ = {isa = PBXBuildFile; fileRef = 56E975942BC1609F00AA1B50 /* FrameTimer.cpp */; };
		56E975B92BC1609F00AA1B50 /* FrameValue.cpp in Sources */ = {isa = PBXBuildFile; fileRef = 56E975962BC1609F00AA1B50 /* FrameValue.cpp */; };
		56E975BA2BC1609F00AA1B50 /* ErrorPacket.cpp in Sources */ = {isa = PBXBuildFile; fileRef = 56E9759A2BC1609F00AA1B50 /* ErrorPacket.cpp */; };
		56E975BB2BC1609F00AA1B50 /* IdentPacket.cpp in Sources */ = {isa = PBXBuildFile; fileRef = 56E9759C2BC1609F00AA1B50 /* IdentPacket.cpp */; };
		56E975BC2BC1609F00AA1B50 /* LoadPacket.cpp in Sources */ = {isa = PBXBuildFile; fileRef = 56E9759E2BC1609F00AA1B50 /* LoadPacket.cpp */; };
		56E975BD2BC1609F00AA1B50 /* NopPacket.cpp in Sources */ = {isa = PBXBuildFile; fileRef = 56E975A02BC1609F00AA1B50 /* NopPacket.cpp */; };
		56E975BE2BC1609F00AA1B50 /* Packet.cpp in Sources */ = {isa = PBXBuildFile; fileRef = 56E975A22BC1609F00AA1B50 /* Packet.cpp */; };
		56E975BF2BC1609F00AA1B50 /* PacketType.cpp in Sources */ = {isa = PBXBuildFile; fileRef = 56E975A42BC1609F00AA1B50 /* PacketType.cpp */; };
		56E975C02BC1609F00AA1B50 /* PlayPacket.cpp in Sources */ = {isa = PBXBuildFile; fileRef = 56E975A62BC1609F00AA1B50 /* PlayPacket.cpp */; };
		56E975C12BC1609F00AA1B50 /* ShowPacket.cpp in Sources */ = {isa = PBXBuildFile; fileRef = 56E975A82BC1609F00AA1B50 /* ShowPacket.cpp */; };
		56E975C22BC1609F00AA1B50 /* SyncPacket.cpp in Sources */ = {isa = PBXBuildFile; fileRef = 56E975AA2BC1609F00AA1B50 /* SyncPacket.cpp */; };
		56E975C32BC1609F00AA1B50 /* buffer.cpp in Sources */ = {isa = PBXBuildFile; fileRef = 56E975AD2BC1609F00AA1B50 /* buffer.cpp */; };
		56E975C42BC1609F00AA1B50 /* mapfile.cpp in Sources */ = {isa = PBXBuildFile; fileRef = 56E975B02BC1609F00AA1B50 /* mapfile.cpp */; };
		56E975C52BC1609F00AA1B50 /* timeutil.cpp in Sources */ = {isa = PBXBuildFile; fileRef = 56E975B32BC1609F00AA1B50 /* timeutil.cpp */; };
		56E975D02BC169A600AA1B50 /* ServerConfiguration.cpp in Sources */ = {isa = PBXBuildFile; fileRef = 56E975CE2BC169A600AA1B50 /* ServerConfiguration.cpp */; };
		56E975D82BC1719500AA1B50 /* BaseConfiguration.cpp in Sources */ = {isa = PBXBuildFile; fileRef = 56E975D62BC1719500AA1B50 /* BaseConfiguration.cpp */; };
		56E975F42BC194FA00AA1B50 /* ServerClient.cpp in Sources */ = {isa = PBXBuildFile; fileRef = 56E975F22BC194FA00AA1B50 /* ServerClient.cpp */; };
		56E975F72BC1BA5E00AA1B50 /* Listener.cpp in Sources */ = {isa = PBXBuildFile; fileRef = 56E975F52BC1BA5E00AA1B50 /* Listener.cpp */; };
		56E975FA2BC1BD9B00AA1B50 /* ClientHolder.cpp in Sources */ = {isa = PBXBuildFile; fileRef = 56E975F82BC1BD9B00AA1B50 /* ClientHolder.cpp */; };
		56E975FD2BC1C85F00AA1B50 /* StateHolder.cpp in Sources */ = {isa = PBXBuildFile; fileRef = 56E975FB2BC1C85F00AA1B50 /* StateHolder.cpp */; };
/* End PBXBuildFile section */

/* Begin PBXCopyFilesBuildPhase section */
		56E975382BC15D9900AA1B50 /* CopyFiles */ = {
			isa = PBXCopyFilesBuildPhase;
			buildActionMask = 2147483647;
			dstPath = /usr/share/man/man1/;
			dstSubfolderSpec = 0;
			files = (
			);
			runOnlyForDeploymentPostprocessing = 1;
		};
/* End PBXCopyFilesBuildPhase section */

/* Begin PBXFileReference section */
		56E9753A2BC15D9900AA1B50 /* ShowServer */ = {isa = PBXFileReference; explicitFileType = "compiled.mach-o.executable"; includeInIndex = 0; path = ShowServer; sourceTree = BUILT_PRODUCTS_DIR; };
		56E9753D2BC15D9900AA1B50 /* main.cpp */ = {isa = PBXFileReference; lastKnownFileType = sourcecode.cpp.cpp; path = main.cpp; sourceTree = "<group>"; };
		56E975922BC1609F00AA1B50 /* Connection.cpp */ = {isa = PBXFileReference; fileEncoding = 4; lastKnownFileType = sourcecode.cpp.cpp; path = Connection.cpp; sourceTree = "<group>"; };
		56E975932BC1609F00AA1B50 /* Connection.hpp */ = {isa = PBXFileReference; fileEncoding = 4; lastKnownFileType = sourcecode.cpp.h; path = Connection.hpp; sourceTree = "<group>"; };
		56E975942BC1609F00AA1B50 /* FrameTimer.cpp */ = {isa = PBXFileReference; fileEncoding = 4; lastKnownFileType = sourcecode.cpp.cpp; path = FrameTimer.cpp; sourceTree = "<group>"; };
		56E975952BC1609F00AA1B50 /* FrameTimer.hpp */ = {isa = PBXFileReference; fileEncoding = 4; lastKnownFileType = sourcecode.cpp.h; path = FrameTimer.hpp; sourceTree = "<group>"; };
		56E975962BC1609F00AA1B50 /* FrameValue.cpp */ = {isa = PBXFileReference; fileEncoding = 4; lastKnownFileType = sourcecode.cpp.cpp; path = FrameValue.cpp; sourceTree = "<group>"; };
		56E975972BC1609F00AA1B50 /* FrameValue.hpp */ = {isa = PBXFileReference; fileEncoding = 4; lastKnownFileType = sourcecode.cpp.h; path = FrameValue.hpp; sourceTree = "<group>"; };
		56E975992BC1609F00AA1B50 /* allpackets.hpp */ = {isa = PBXFileReference; fileEncoding = 4; lastKnownFileType = sourcecode.cpp.h; path = allpackets.hpp; sourceTree = "<group>"; };
		56E9759A2BC1609F00AA1B50 /* ErrorPacket.cpp */ = {isa = PBXFileReference; fileEncoding = 4; lastKnownFileType = sourcecode.cpp.cpp; path = ErrorPacket.cpp; sourceTree = "<group>"; };
		56E9759B2BC1609F00AA1B50 /* ErrorPacket.hpp */ = {isa = PBXFileReference; fileEncoding = 4; lastKnownFileType = sourcecode.cpp.h; path = ErrorPacket.hpp; sourceTree = "<group>"; };
		56E9759C2BC1609F00AA1B50 /* IdentPacket.cpp */ = {isa = PBXFileReference; fileEncoding = 4; lastKnownFileType = sourcecode.cpp.cpp; path = IdentPacket.cpp; sourceTree = "<group>"; };
		56E9759D2BC1609F00AA1B50 /* IdentPacket.hpp */ = {isa = PBXFileReference; fileEncoding = 4; lastKnownFileType = sourcecode.cpp.h; path = IdentPacket.hpp; sourceTree = "<group>"; };
		56E9759E2BC1609F00AA1B50 /* LoadPacket.cpp */ = {isa = PBXFileReference; fileEncoding = 4; lastKnownFileType = sourcecode.cpp.cpp; path = LoadPacket.cpp; sourceTree = "<group>"; };
		56E9759F2BC1609F00AA1B50 /* LoadPacket.hpp */ = {isa = PBXFileReference; fileEncoding = 4; lastKnownFileType = sourcecode.cpp.h; path = LoadPacket.hpp; sourceTree = "<group>"; };
		56E975A02BC1609F00AA1B50 /* NopPacket.cpp */ = {isa = PBXFileReference; fileEncoding = 4; lastKnownFileType = sourcecode.cpp.cpp; path = NopPacket.cpp; sourceTree = "<group>"; };
		56E975A12BC1609F00AA1B50 /* NopPacket.hpp */ = {isa = PBXFileReference; fileEncoding = 4; lastKnownFileType = sourcecode.cpp.h; path = NopPacket.hpp; sourceTree = "<group>"; };
		56E975A22BC1609F00AA1B50 /* Packet.cpp */ = {isa = PBXFileReference; fileEncoding = 4; lastKnownFileType = sourcecode.cpp.cpp; path = Packet.cpp; sourceTree = "<group>"; };
		56E975A32BC1609F00AA1B50 /* Packet.hpp */ = {isa = PBXFileReference; fileEncoding = 4; lastKnownFileType = sourcecode.cpp.h; path = Packet.hpp; sourceTree = "<group>"; };
		56E975A42BC1609F00AA1B50 /* PacketType.cpp */ = {isa = PBXFileReference; fileEncoding = 4; lastKnownFileType = sourcecode.cpp.cpp; path = PacketType.cpp; sourceTree = "<group>"; };
		56E975A52BC1609F00AA1B50 /* PacketType.hpp */ = {isa = PBXFileReference; fileEncoding = 4; lastKnownFileType = sourcecode.cpp.h; path = PacketType.hpp; sourceTree = "<group>"; };
		56E975A62BC1609F00AA1B50 /* PlayPacket.cpp */ = {isa = PBXFileReference; fileEncoding = 4; lastKnownFileType = sourcecode.cpp.cpp; path = PlayPacket.cpp; sourceTree = "<group>"; };
		56E975A72BC1609F00AA1B50 /* PlayPacket.hpp */ = {isa = PBXFileReference; fileEncoding = 4; lastKnownFileType = sourcecode.cpp.h; path = PlayPacket.hpp; sourceTree = "<group>"; };
		56E975A82BC1609F00AA1B50 /* ShowPacket.cpp */ = {isa = PBXFileReference; fileEncoding = 4; lastKnownFileType = sourcecode.cpp.cpp; path = ShowPacket.cpp; sourceTree = "<group>"; };
		56E975A92BC1609F00AA1B50 /* ShowPacket.hpp */ = {isa = PBXFileReference; fileEncoding = 4; lastKnownFileType = sourcecode.cpp.h; path = ShowPacket.hpp; sourceTree = "<group>"; };
		56E975AA2BC1609F00AA1B50 /* SyncPacket.cpp */ = {isa = PBXFileReference; fileEncoding = 4; lastKnownFileType = sourcecode.cpp.cpp; path = SyncPacket.cpp; sourceTree = "<group>"; };
		56E975AB2BC1609F00AA1B50 /* SyncPacket.hpp */ = {isa = PBXFileReference; fileEncoding = 4; lastKnownFileType = sourcecode.cpp.h; path = SyncPacket.hpp; sourceTree = "<group>"; };
		56E975AD2BC1609F00AA1B50 /* buffer.cpp */ = {isa = PBXFileReference; fileEncoding = 4; lastKnownFileType = sourcecode.cpp.cpp; path = buffer.cpp; sourceTree = "<group>"; };
		56E975AE2BC1609F00AA1B50 /* buffer.hpp */ = {isa = PBXFileReference; fileEncoding = 4; lastKnownFileType = sourcecode.cpp.h; path = buffer.hpp; sourceTree = "<group>"; };
		56E975AF2BC1609F00AA1B50 /* dbgutil.hpp */ = {isa = PBXFileReference; fileEncoding = 4; lastKnownFileType = sourcecode.cpp.h; path = dbgutil.hpp; sourceTree = "<group>"; };
		56E975B02BC1609F00AA1B50 /* mapfile.cpp */ = {isa = PBXFileReference; fileEncoding = 4; lastKnownFileType = sourcecode.cpp.cpp; path = mapfile.cpp; sourceTree = "<group>"; };
		56E975B12BC1609F00AA1B50 /* mapfile.hpp */ = {isa = PBXFileReference; fileEncoding = 4; lastKnownFileType = sourcecode.cpp.h; path = mapfile.hpp; sourceTree = "<group>"; };
		56E975B22BC1609F00AA1B50 /* strutil.hpp */ = {isa = PBXFileReference; fileEncoding = 4; lastKnownFileType = sourcecode.cpp.h; path = strutil.hpp; sourceTree = "<group>"; };
		56E975B32BC1609F00AA1B50 /* timeutil.cpp */ = {isa = PBXFileReference; fileEncoding = 4; lastKnownFileType = sourcecode.cpp.cpp; path = timeutil.cpp; sourceTree = "<group>"; };
		56E975B42BC1609F00AA1B50 /* timeutil.hpp */ = {isa = PBXFileReference; fileEncoding = 4; lastKnownFileType = sourcecode.cpp.h; path = timeutil.hpp; sourceTree = "<group>"; };
		56E975CE2BC169A600AA1B50 /* ServerConfiguration.cpp */ = {isa = PBXFileReference; lastKnownFileType = sourcecode.cpp.cpp; path = ServerConfiguration.cpp; sourceTree = "<group>"; };
		56E975CF2BC169A600AA1B50 /* ServerConfiguration.hpp */ = {isa = PBXFileReference; lastKnownFileType = sourcecode.cpp.h; path = ServerConfiguration.hpp; sourceTree = "<group>"; };
		56E975D62BC1719500AA1B50 /* BaseConfiguration.cpp */ = {isa = PBXFileReference; fileEncoding = 4; lastKnownFileType = sourcecode.cpp.cpp; path = BaseConfiguration.cpp; sourceTree = "<group>"; };
		56E975D72BC1719500AA1B50 /* BaseConfiguration.hpp */ = {isa = PBXFileReference; fileEncoding = 4; lastKnownFileType = sourcecode.cpp.h; path = BaseConfiguration.hpp; sourceTree = "<group>"; };
		56E975F22BC194FA00AA1B50 /* ServerClient.cpp */ = {isa = PBXFileReference; lastKnownFileType = sourcecode.cpp.cpp; path = ServerClient.cpp; sourceTree = "<group>"; };
		56E975F32BC194FA00AA1B50 /* ServerClient.hpp */ = {isa = PBXFileReference; lastKnownFileType = sourcecode.cpp.h; path = ServerClient.hpp; sourceTree = "<group>"; };
		56E975F52BC1BA5E00AA1B50 /* Listener.cpp */ = {isa = PBXFileReference; lastKnownFileType = sourcecode.cpp.cpp; path = Listener.cpp; sourceTree = "<group>"; };
		56E975F62BC1BA5E00AA1B50 /* Listener.hpp */ = {isa = PBXFileReference; lastKnownFileType = sourcecode.cpp.h; path = Listener.hpp; sourceTree = "<group>"; };
		56E975F82BC1BD9B00AA1B50 /* ClientHolder.cpp */ = {isa = PBXFileReference; lastKnownFileType = sourcecode.cpp.cpp; path = ClientHolder.cpp; sourceTree = "<group>"; };
		56E975F92BC1BD9B00AA1B50 /* ClientHolder.hpp */ = {isa = PBXFileReference; lastKnownFileType = sourcecode.cpp.h; path = ClientHolder.hpp; sourceTree = "<group>"; };
		56E975FB2BC1C85F00AA1B50 /* StateHolder.cpp */ = {isa = PBXFileReference; lastKnownFileType = sourcecode.cpp.cpp; path = StateHolder.cpp; sourceTree = "<group>"; };
		56E975FC2BC1C85F00AA1B50 /* StateHolder.hpp */ = {isa = PBXFileReference; lastKnownFileType = sourcecode.cpp.h; path = StateHolder.hpp; sourceTree = "<group>"; };
/* End PBXFileReference section */

/* Begin PBXFrameworksBuildPhase section */
		56E975372BC15D9900AA1B50 /* Frameworks */ = {
			isa = PBXFrameworksBuildPhase;
			buildActionMask = 2147483647;
			files = (
			);
			runOnlyForDeploymentPostprocessing = 0;
		};
/* End PBXFrameworksBuildPhase section */

/* Begin PBXGroup section */
		56E975312BC15D9900AA1B50 = {
			isa = PBXGroup;
			children = (
				56E975C62BC160A400AA1B50 /* thirdparty */,
				56E975B62BC1609F00AA1B50 /* common */,
				56E9753C2BC15D9900AA1B50 /* ShowServer */,
				56E9753B2BC15D9900AA1B50 /* Products */,
			);
			sourceTree = "<group>";
		};
		56E9753B2BC15D9900AA1B50 /* Products */ = {
			isa = PBXGroup;
			children = (
				56E9753A2BC15D9900AA1B50 /* ShowServer */,
			);
			name = Products;
			sourceTree = "<group>";
		};
		56E9753C2BC15D9900AA1B50 /* ShowServer */ = {
			isa = PBXGroup;
			children = (
				56E9753D2BC15D9900AA1B50 /* main.cpp */,
				56E975CE2BC169A600AA1B50 /* ServerConfiguration.cpp */,
				56E975CF2BC169A600AA1B50 /* ServerConfiguration.hpp */,
				56E975F22BC194FA00AA1B50 /* ServerClient.cpp */,
				56E975F32BC194FA00AA1B50 /* ServerClient.hpp */,
				56E975F52BC1BA5E00AA1B50 /* Listener.cpp */,
				56E975F62BC1BA5E00AA1B50 /* Listener.hpp */,
				56E975F82BC1BD9B00AA1B50 /* ClientHolder.cpp */,
				56E975F92BC1BD9B00AA1B50 /* ClientHolder.hpp */,
				56E975FB2BC1C85F00AA1B50 /* StateHolder.cpp */,
				56E975FC2BC1C85F00AA1B50 /* StateHolder.hpp */,
			);
			path = ShowServer;
			sourceTree = "<group>";
		};
		56E975982BC1609F00AA1B50 /* network */ = {
			isa = PBXGroup;
			children = (
				56E975922BC1609F00AA1B50 /* Connection.cpp */,
				56E975932BC1609F00AA1B50 /* Connection.hpp */,
				56E975942BC1609F00AA1B50 /* FrameTimer.cpp */,
				56E975952BC1609F00AA1B50 /* FrameTimer.hpp */,
				56E975962BC1609F00AA1B50 /* FrameValue.cpp */,
				56E975972BC1609F00AA1B50 /* FrameValue.hpp */,
			);
			path = network;
			sourceTree = "<group>";
		};
		56E975AC2BC1609F00AA1B50 /* packets */ = {
			isa = PBXGroup;
			children = (
				56E975992BC1609F00AA1B50 /* allpackets.hpp */,
				56E9759A2BC1609F00AA1B50 /* ErrorPacket.cpp */,
				56E9759B2BC1609F00AA1B50 /* ErrorPacket.hpp */,
				56E9759C2BC1609F00AA1B50 /* IdentPacket.cpp */,
				56E9759D2BC1609F00AA1B50 /* IdentPacket.hpp */,
				56E9759E2BC1609F00AA1B50 /* LoadPacket.cpp */,
				56E9759F2BC1609F00AA1B50 /* LoadPacket.hpp */,
				56E975A02BC1609F00AA1B50 /* NopPacket.cpp */,
				56E975A12BC1609F00AA1B50 /* NopPacket.hpp */,
				56E975A22BC1609F00AA1B50 /* Packet.cpp */,
				56E975A32BC1609F00AA1B50 /* Packet.hpp */,
				56E975A42BC1609F00AA1B50 /* PacketType.cpp */,
				56E975A52BC1609F00AA1B50 /* PacketType.hpp */,
				56E975A62BC1609F00AA1B50 /* PlayPacket.cpp */,
				56E975A72BC1609F00AA1B50 /* PlayPacket.hpp */,
				56E975A82BC1609F00AA1B50 /* ShowPacket.cpp */,
				56E975A92BC1609F00AA1B50 /* ShowPacket.hpp */,
				56E975AA2BC1609F00AA1B50 /* SyncPacket.cpp */,
				56E975AB2BC1609F00AA1B50 /* SyncPacket.hpp */,
			);
			path = packets;
			sourceTree = "<group>";
		};
		56E975B52BC1609F00AA1B50 /* utility */ = {
			isa = PBXGroup;
			children = (
				56E975D62BC1719500AA1B50 /* BaseConfiguration.cpp */,
				56E975D72BC1719500AA1B50 /* BaseConfiguration.hpp */,
				56E975AD2BC1609F00AA1B50 /* buffer.cpp */,
				56E975AE2BC1609F00AA1B50 /* buffer.hpp */,
				56E975AF2BC1609F00AA1B50 /* dbgutil.hpp */,
				56E975B02BC1609F00AA1B50 /* mapfile.cpp */,
				56E975B12BC1609F00AA1B50 /* mapfile.hpp */,
				56E975B22BC1609F00AA1B50 /* strutil.hpp */,
				56E975B32BC1609F00AA1B50 /* timeutil.cpp */,
				56E975B42BC1609F00AA1B50 /* timeutil.hpp */,
			);
			path = utility;
			sourceTree = "<group>";
		};
		56E975B62BC1609F00AA1B50 /* common */ = {
			isa = PBXGroup;
			children = (
				56E975982BC1609F00AA1B50 /* network */,
				56E975AC2BC1609F00AA1B50 /* packets */,
				56E975B52BC1609F00AA1B50 /* utility */,
			);
			path = common;
			sourceTree = "<group>";
		};
		56E975C62BC160A400AA1B50 /* thirdparty */ = {
			isa = PBXGroup;
			children = (
				56E975C72BC160AE00AA1B50 /* asio-1.28 */,
			);
			path = thirdparty;
			sourceTree = "<group>";
		};
		56E975C72BC160AE00AA1B50 /* asio-1.28 */ = {
			isa = PBXGroup;
			children = (
			);
			path = "asio-1.28";
			sourceTree = "<group>";
		};
/* End PBXGroup section */

/* Begin PBXNativeTarget section */
		56E975392BC15D9900AA1B50 /* ShowServer */ = {
			isa = PBXNativeTarget;
			buildConfigurationList = 56E975412BC15D9900AA1B50 /* Build configuration list for PBXNativeTarget "ShowServer" */;
			buildPhases = (
				56E975362BC15D9900AA1B50 /* Sources */,
				56E975372BC15D9900AA1B50 /* Frameworks */,
				56E975382BC15D9900AA1B50 /* CopyFiles */,
			);
			buildRules = (
			);
			dependencies = (
			);
			name = ShowServer;
			productName = ShowServer;
			productReference = 56E9753A2BC15D9900AA1B50 /* ShowServer */;
			productType = "com.apple.product-type.tool";
		};
/* End PBXNativeTarget section */

/* Begin PBXProject section */
		56E975322BC15D9900AA1B50 /* Project object */ = {
			isa = PBXProject;
			attributes = {
				BuildIndependentTargetsInParallel = 1;
				LastUpgradeCheck = 1530;
				ORGANIZATIONNAME = "Charles Kerr";
				TargetAttributes = {
					56E975392BC15D9900AA1B50 = {
						CreatedOnToolsVersion = 15.3;
					};
				};
			};
			buildConfigurationList = 56E975352BC15D9900AA1B50 /* Build configuration list for PBXProject "ShowServer" */;
			compatibilityVersion = "Xcode 14.0";
			developmentRegion = en;
			hasScannedForEncodings = 0;
			knownRegions = (
				en,
				Base,
			);
			mainGroup = 56E975312BC15D9900AA1B50;
			productRefGroup = 56E9753B2BC15D9900AA1B50 /* Products */;
			projectDirPath = "";
			projectRoot = "";
			targets = (
				56E975392BC15D9900AA1B50 /* ShowServer */,
			);
		};
/* End PBXProject section */

/* Begin PBXSourcesBuildPhase section */
		56E975362BC15D9900AA1B50 /* Sources */ = {
			isa = PBXSourcesBuildPhase;
			buildActionMask = 2147483647;
			files = (
				56E9753E2BC15D9900AA1B50 /* main.cpp in Sources */,
				56E975C42BC1609F00AA1B50 /* mapfile.cpp in Sources */,
				56E975D02BC169A600AA1B50 /* ServerConfiguration.cpp in Sources */,
				56E975FD2BC1C85F00AA1B50 /* StateHolder.cpp in Sources */,
				56E975B82BC1609F00AA1B50 /* FrameTimer.cpp in Sources */,
				56E975C02BC1609F00AA1B50 /* PlayPacket.cpp in Sources */,
				56E975BB2BC1609F00AA1B50 /* IdentPacket.cpp in Sources */,
				56E975BE2BC1609F00AA1B50 /* Packet.cpp in Sources */,
				56E975D82BC1719500AA1B50 /* BaseConfiguration.cpp in Sources */,
				56E975C32BC1609F00AA1B50 /* buffer.cpp in Sources */,
				56E975C22BC1609F00AA1B50 /* SyncPacket.cpp in Sources */,
				56E975BD2BC1609F00AA1B50 /* NopPacket.cpp in Sources */,
				56E975BA2BC1609F00AA1B50 /* ErrorPacket.cpp in Sources */,
				56E975C52BC1609F00AA1B50 /* timeutil.cpp in Sources */,
				56E975F42BC194FA00AA1B50 /* ServerClient.cpp in Sources */,
				56E975BC2BC1609F00AA1B50 /* LoadPacket.cpp in Sources */,
				56E975C12BC1609F00AA1B50 /* ShowPacket.cpp in Sources */,
				56E975BF2BC1609F00AA1B50 /* PacketType.cpp in Sources */,
				56E975B72BC1609F00AA1B50 /* Connection.cpp in Sources */,
				56E975FA2BC1BD9B00AA1B50 /* ClientHolder.cpp in Sources */,
				56E975B92BC1609F00AA1B50 /* FrameValue.cpp in Sources */,
				56E975F72BC1BA5E00AA1B50 /* Listener.cpp in Sources */,
			);
			runOnlyForDeploymentPostprocessing = 0;
		};
/* End PBXSourcesBuildPhase section */

/* Begin XCBuildConfiguration section */
		56E9753F2BC15D9900AA1B50 /* Debug */ = {
			isa = XCBuildConfiguration;
			buildSettings = {
				ALWAYS_SEARCH_USER_PATHS = NO;
				ASSETCATALOG_COMPILER_GENERATE_SWIFT_ASSET_SYMBOL_EXTENSIONS = YES;
				CLANG_ANALYZER_NONNULL = YES;
				CLANG_ANALYZER_NUMBER_OBJECT_CONVERSION = YES_AGGRESSIVE;
				CLANG_CXX_LANGUAGE_STANDARD = "gnu++20";
				CLANG_ENABLE_MODULES = YES;
				CLANG_ENABLE_OBJC_ARC = YES;
				CLANG_ENABLE_OBJC_WEAK = YES;
				CLANG_WARN_BLOCK_CAPTURE_AUTORELEASING = YES;
				CLANG_WARN_BOOL_CONVERSION = YES;
				CLANG_WARN_COMMA = YES;
				CLANG_WARN_CONSTANT_CONVERSION = YES;
				CLANG_WARN_DEPRECATED_OBJC_IMPLEMENTATIONS = YES;
				CLANG_WARN_DIRECT_OBJC_ISA_USAGE = YES_ERROR;
				CLANG_WARN_DOCUMENTATION_COMMENTS = NO;
				CLANG_WARN_EMPTY_BODY = YES;
				CLANG_WARN_ENUM_CONVERSION = YES;
				CLANG_WARN_INFINITE_RECURSION = YES;
				CLANG_WARN_INT_CONVERSION = YES;
				CLANG_WARN_NON_LITERAL_NULL_CONVERSION = YES;
				CLANG_WARN_OBJC_IMPLICIT_RETAIN_SELF = YES;
				CLANG_WARN_OBJC_LITERAL_CONVERSION = YES;
				CLANG_WARN_OBJC_ROOT_CLASS = YES_ERROR;
				CLANG_WARN_QUOTED_INCLUDE_IN_FRAMEWORK_HEADER = YES;
				CLANG_WARN_RANGE_LOOP_ANALYSIS = YES;
				CLANG_WARN_STRICT_PROTOTYPES = YES;
				CLANG_WARN_SUSPICIOUS_MOVE = YES;
				CLANG_WARN_UNGUARDED_AVAILABILITY = YES_AGGRESSIVE;
				CLANG_WARN_UNREACHABLE_CODE = YES;
				CLANG_WARN__DUPLICATE_METHOD_MATCH = YES;
				COPY_PHASE_STRIP = NO;
				DEBUG_INFORMATION_FORMAT = dwarf;
				ENABLE_STRICT_OBJC_MSGSEND = YES;
				ENABLE_TESTABILITY = YES;
				ENABLE_USER_SCRIPT_SANDBOXING = YES;
				GCC_C_LANGUAGE_STANDARD = gnu17;
				GCC_DYNAMIC_NO_PIC = NO;
				GCC_NO_COMMON_BLOCKS = YES;
				GCC_OPTIMIZATION_LEVEL = 0;
				GCC_PREPROCESSOR_DEFINITIONS = (
					"DEBUG=1",
					"$(inherited)",
					ASIO_STANDALONE,
				);
				GCC_WARN_64_TO_32_BIT_CONVERSION = YES;
				"GCC_WARN_64_TO_32_BIT_CONVERSION[arch=*64]" = NO;
				GCC_WARN_ABOUT_RETURN_TYPE = YES_ERROR;
				GCC_WARN_UNDECLARED_SELECTOR = YES;
				GCC_WARN_UNINITIALIZED_AUTOS = YES_AGGRESSIVE;
				GCC_WARN_UNUSED_FUNCTION = YES;
				GCC_WARN_UNUSED_VARIABLE = YES;
				LOCALIZATION_PREFERS_STRING_CATALOGS = YES;
				MACOSX_DEPLOYMENT_TARGET = 14.4;
				MTL_ENABLE_DEBUG_INFO = INCLUDE_SOURCE;
				MTL_FAST_MATH = YES;
				ONLY_ACTIVE_ARCH = YES;
				OTHER_CPLUSPLUSFLAGS = "$(OTHER_CFLAGS)";
				SDKROOT = macosx;
				USER_HEADER_SEARCH_PATHS = (
					"$(PROJECT_DIR)",
					"$(PROJECT_DIR)/common",
					"$(PROJECT_DIR)/thirdparty/asio-1.28",
				);
			};
			name = Debug;
		};
		56E975402BC15D9900AA1B50 /* Release */ = {
			isa = XCBuildConfiguration;
			buildSettings = {
				ALWAYS_SEARCH_USER_PATHS = NO;
				ASSETCATALOG_COMPILER_GENERATE_SWIFT_ASSET_SYMBOL_EXTENSIONS = YES;
				CLANG_ANALYZER_NONNULL = YES;
				CLANG_ANALYZER_NUMBER_OBJECT_CONVERSION = YES_AGGRESSIVE;
				CLANG_CXX_LANGUAGE_STANDARD = "gnu++20";
				CLANG_ENABLE_MODULES = YES;
				CLANG_ENABLE_OBJC_ARC = YES;
				CLANG_ENABLE_OBJC_WEAK = YES;
				CLANG_WARN_BLOCK_CAPTURE_AUTORELEASING = YES;
				CLANG_WARN_BOOL_CONVERSION = YES;
				CLANG_WARN_COMMA = YES;
				CLANG_WARN_CONSTANT_CONVERSION = YES;
				CLANG_WARN_DEPRECATED_OBJC_IMPLEMENTATIONS = YES;
				CLANG_WARN_DIRECT_OBJC_ISA_USAGE = YES_ERROR;
				CLANG_WARN_DOCUMENTATION_COMMENTS = NO;
				CLANG_WARN_EMPTY_BODY = YES;
				CLANG_WARN_ENUM_CONVERSION = YES;
				CLANG_WARN_INFINITE_RECURSION = YES;
				CLANG_WARN_INT_CONVERSION = YES;
				CLANG_WARN_NON_LITERAL_NULL_CONVERSION = YES;
				CLANG_WARN_OBJC_IMPLICIT_RETAIN_SELF = YES;
				CLANG_WARN_OBJC_LITERAL_CONVERSION = YES;
				CLANG_WARN_OBJC_ROOT_CLASS = YES_ERROR;
				CLANG_WARN_QUOTED_INCLUDE_IN_FRAMEWORK_HEADER = YES;
				CLANG_WARN_RANGE_LOOP_ANALYSIS = YES;
				CLANG_WARN_STRICT_PROTOTYPES = YES;
				CLANG_WARN_SUSPICIOUS_MOVE = YES;
				CLANG_WARN_UNGUARDED_AVAILABILITY = YES_AGGRESSIVE;
				CLANG_WARN_UNREACHABLE_CODE = YES;
				CLANG_WARN__DUPLICATE_METHOD_MATCH = YES;
				COPY_PHASE_STRIP = NO;
				DEBUG_INFORMATION_FORMAT = "dwarf-with-dsym";
				ENABLE_NS_ASSERTIONS = NO;
				ENABLE_STRICT_OBJC_MSGSEND = YES;
				ENABLE_USER_SCRIPT_SANDBOXING = YES;
				GCC_C_LANGUAGE_STANDARD = gnu17;
				GCC_NO_COMMON_BLOCKS = YES;
				GCC_PREPROCESSOR_DEFINITIONS = ASIO_STANDALONE;
				GCC_WARN_64_TO_32_BIT_CONVERSION = YES;
				"GCC_WARN_64_TO_32_BIT_CONVERSION[arch=*64]" = NO;
				GCC_WARN_ABOUT_RETURN_TYPE = YES_ERROR;
				GCC_WARN_UNDECLARED_SELECTOR = YES;
				GCC_WARN_UNINITIALIZED_AUTOS = YES_AGGRESSIVE;
				GCC_WARN_UNUSED_FUNCTION = YES;
				GCC_WARN_UNUSED_VARIABLE = YES;
				LOCALIZATION_PREFERS_STRING_CATALOGS = YES;
				MACOSX_DEPLOYMENT_TARGET = 14.4;
				MTL_ENABLE_DEBUG_INFO = NO;
				MTL_FAST_MATH = YES;
				OTHER_CPLUSPLUSFLAGS = "$(OTHER_CFLAGS)";
				SDKROOT = macosx;
				USER_HEADER_SEARCH_PATHS = (
					"$(PROJECT_DIR)",
					"$(PROJECT_DIR)/common",
					"$(PROJECT_DIR)/thirdparty/asio-1.28",
				);
			};
			name = Release;
		};
		56E975422BC15D9900AA1B50 /* Debug */ = {
			isa = XCBuildConfiguration;
			buildSettings = {
				CODE_SIGN_STYLE = Automatic;
				DEVELOPMENT_TEAM = CF264WE69M;
				ENABLE_HARDENED_RUNTIME = YES;
				PRODUCT_NAME = "$(TARGET_NAME)";
			};
			name = Debug;
		};
		56E975432BC15D9900AA1B50 /* Release */ = {
			isa = XCBuildConfiguration;
			buildSettings = {
				CODE_SIGN_STYLE = Automatic;
				DEVELOPMENT_TEAM = CF264WE69M;
				ENABLE_HARDENED_RUNTIME = YES;
				PRODUCT_NAME = "$(TARGET_NAME)";
			};
			name = Release;
		};
/* End XCBuildConfiguration section */

/* Begin XCConfigurationList section */
		56E975352BC15D9900AA1B50 /* Build configuration list for PBXProject "ShowServer" */ = {
			isa = XCConfigurationList;
			buildConfigurations = (
				56E9753F2BC15D9900AA1B50 /* Debug */,
				56E975402BC15D9900AA1B50 /* Release */,
			);
			defaultConfigurationIsVisible = 0;
			defaultConfigurationName = Release;
		};
		56E975412BC15D9900AA1B50 /* Build configuration list for PBXNativeTarget "ShowServer" */ = {
			isa = XCConfigurationList;
			buildConfigurations = (
				56E975422BC15D9900AA1B50 /* Debug */,
				56E975432BC15D9900AA1B50 /* Release */,
			);
			defaultConfigurationIsVisible = 0;
			defaultConfigurationName = Release;
		};
/* End XCConfigurationList section */
	};
	rootObject = 56E975322BC15D9900AA1B50 /* Project object */;
}
